
Microsoft Visual Studio Solution File, Format Version 12.00
# Visual Studio 14
VisualStudioVersion = 14.0.25420.1
MinimumVisualStudioVersion = 10.0.40219.1
Project("{FAE04EC0-301F-11D3-BF4B-00C04F79EFBC}") = "XPlaneWeb", "Principal\XPlaneWeb.csproj", "{2C8984E3-0FA3-4902-95F4-A74622706D99}"
EndProject
Project("{FAE04EC0-301F-11D3-BF4B-00C04F79EFBC}") = "DigoFramework", "DigoFramework\DigoFramework.csproj", "{93078DE5-A910-4AD6-A942-657582105493}"
EndProject
Project("{FAE04EC0-301F-11D3-BF4B-00C04F79EFBC}") = "NetZ.SistemaBase", "SistemaBase\NetZ.SistemaBase.csproj", "{4EC8339F-4E73-4786-B3BC-073690D9528E}"
EndProject
Project("{FAE04EC0-301F-11D3-BF4B-00C04F79EFBC}") = "NetZ.Web", "Web\NetZ.Web.csproj", "{BF12701F-12D8-41D0-9269-D8921568AA82}"
EndProject
Project("{FAE04EC0-301F-11D3-BF4B-00C04F79EFBC}") = "NetZ.Web.TypeScript", "Web.TypeScript\NetZ.Web.TypeScript.csproj", "{502B98CF-A528-4168-A5F4-F04641BCEE6D}"
EndProject
Project("{FAE04EC0-301F-11D3-BF4B-00C04F79EFBC}") = "NetZ.Persistencia", "Persistencia\NetZ.Persistencia.csproj", "{5FDEBACF-1812-47A0-8FBA-25DB3AD2B31C}"
EndProject
Project("{2150E333-8FDC-42A3-9474-1A3956D46DE8}") = "TypeScript", "TypeScript", "{36C3392E-9AB0-4C40-A582-43F1B7535BCF}"
EndProject
Global
	GlobalSection(SolutionConfigurationPlatforms) = preSolution
		Debug (local)|Any CPU = Debug (local)|Any CPU
		Debug (main)|Any CPU = Debug (main)|Any CPU
		Debug|Any CPU = Debug|Any CPU
		Release|Any CPU = Release|Any CPU
		Server|Any CPU = Server|Any CPU
	EndGlobalSection
	GlobalSection(ProjectConfigurationPlatforms) = postSolution
		{2C8984E3-0FA3-4902-95F4-A74622706D99}.Debug (local)|Any CPU.ActiveCfg = Debug|Any CPU
		{2C8984E3-0FA3-4902-95F4-A74622706D99}.Debug (local)|Any CPU.Build.0 = Debug|Any CPU
		{2C8984E3-0FA3-4902-95F4-A74622706D99}.Debug (main)|Any CPU.ActiveCfg = Debug|Any CPU
		{2C8984E3-0FA3-4902-95F4-A74622706D99}.Debug (main)|Any CPU.Build.0 = Debug|Any CPU
		{2C8984E3-0FA3-4902-95F4-A74622706D99}.Debug|Any CPU.ActiveCfg = Debug|Any CPU
		{2C8984E3-0FA3-4902-95F4-A74622706D99}.Debug|Any CPU.Build.0 = Debug|Any CPU
		{2C8984E3-0FA3-4902-95F4-A74622706D99}.Release|Any CPU.ActiveCfg = Release|Any CPU
		{2C8984E3-0FA3-4902-95F4-A74622706D99}.Release|Any CPU.Build.0 = Release|Any CPU
		{2C8984E3-0FA3-4902-95F4-A74622706D99}.Server|Any CPU.ActiveCfg = Release|Any CPU
		{2C8984E3-0FA3-4902-95F4-A74622706D99}.Server|Any CPU.Build.0 = Release|Any CPU
		{93078DE5-A910-4AD6-A942-657582105493}.Debug (local)|Any CPU.ActiveCfg = Debug|Any CPU
		{93078DE5-A910-4AD6-A942-657582105493}.Debug (local)|Any CPU.Build.0 = Debug|Any CPU
		{93078DE5-A910-4AD6-A942-657582105493}.Debug (main)|Any CPU.ActiveCfg = Debug|Any CPU
		{93078DE5-A910-4AD6-A942-657582105493}.Debug (main)|Any CPU.Build.0 = Debug|Any CPU
		{93078DE5-A910-4AD6-A942-657582105493}.Debug|Any CPU.ActiveCfg = Debug|Any CPU
		{93078DE5-A910-4AD6-A942-657582105493}.Debug|Any CPU.Build.0 = Debug|Any CPU
		{93078DE5-A910-4AD6-A942-657582105493}.Release|Any CPU.ActiveCfg = Release|Any CPU
		{93078DE5-A910-4AD6-A942-657582105493}.Release|Any CPU.Build.0 = Release|Any CPU
		{93078DE5-A910-4AD6-A942-657582105493}.Server|Any CPU.ActiveCfg = Server|Any CPU
		{93078DE5-A910-4AD6-A942-657582105493}.Server|Any CPU.Build.0 = Server|Any CPU
		{4EC8339F-4E73-4786-B3BC-073690D9528E}.Debug (local)|Any CPU.ActiveCfg = Debug|Any CPU
		{4EC8339F-4E73-4786-B3BC-073690D9528E}.Debug (local)|Any CPU.Build.0 = Debug|Any CPU
		{4EC8339F-4E73-4786-B3BC-073690D9528E}.Debug (main)|Any CPU.ActiveCfg = Debug|Any CPU
		{4EC8339F-4E73-4786-B3BC-073690D9528E}.Debug (main)|Any CPU.Build.0 = Debug|Any CPU
		{4EC8339F-4E73-4786-B3BC-073690D9528E}.Debug|Any CPU.ActiveCfg = Debug|Any CPU
		{4EC8339F-4E73-4786-B3BC-073690D9528E}.Debug|Any CPU.Build.0 = Debug|Any CPU
		{4EC8339F-4E73-4786-B3BC-073690D9528E}.Release|Any CPU.ActiveCfg = Release|Any CPU
		{4EC8339F-4E73-4786-B3BC-073690D9528E}.Release|Any CPU.Build.0 = Release|Any CPU
		{4EC8339F-4E73-4786-B3BC-073690D9528E}.Server|Any CPU.ActiveCfg = Release|Any CPU
		{4EC8339F-4E73-4786-B3BC-073690D9528E}.Server|Any CPU.Build.0 = Release|Any CPU
		{BF12701F-12D8-41D0-9269-D8921568AA82}.Debug (local)|Any CPU.ActiveCfg = Debug|Any CPU
		{BF12701F-12D8-41D0-9269-D8921568AA82}.Debug (local)|Any CPU.Build.0 = Debug|Any CPU
		{BF12701F-12D8-41D0-9269-D8921568AA82}.Debug (main)|Any CPU.ActiveCfg = Debug|Any CPU
		{BF12701F-12D8-41D0-9269-D8921568AA82}.Debug (main)|Any CPU.Build.0 = Debug|Any CPU
		{BF12701F-12D8-41D0-9269-D8921568AA82}.Debug|Any CPU.ActiveCfg = Debug|Any CPU
		{BF12701F-12D8-41D0-9269-D8921568AA82}.Debug|Any CPU.Build.0 = Debug|Any CPU
		{BF12701F-12D8-41D0-9269-D8921568AA82}.Release|Any CPU.ActiveCfg = Release|Any CPU
		{BF12701F-12D8-41D0-9269-D8921568AA82}.Release|Any CPU.Build.0 = Release|Any CPU
		{BF12701F-12D8-41D0-9269-D8921568AA82}.Server|Any CPU.ActiveCfg = Release|Any CPU
		{BF12701F-12D8-41D0-9269-D8921568AA82}.Server|Any CPU.Build.0 = Release|Any CPU
		{502B98CF-A528-4168-A5F4-F04641BCEE6D}.Debug (local)|Any CPU.ActiveCfg = Debug (local)|Any CPU
		{502B98CF-A528-4168-A5F4-F04641BCEE6D}.Debug (local)|Any CPU.Build.0 = Debug (local)|Any CPU
		{502B98CF-A528-4168-A5F4-F04641BCEE6D}.Debug (main)|Any CPU.ActiveCfg = Debug (main)|Any CPU
		{502B98CF-A528-4168-A5F4-F04641BCEE6D}.Debug (main)|Any CPU.Build.0 = Debug (main)|Any CPU
		{502B98CF-A528-4168-A5F4-F04641BCEE6D}.Debug|Any CPU.ActiveCfg = Debug|Any CPU
		{502B98CF-A528-4168-A5F4-F04641BCEE6D}.Debug|Any CPU.Build.0 = Debug|Any CPU
		{502B98CF-A528-4168-A5F4-F04641BCEE6D}.Release|Any CPU.ActiveCfg = Release|Any CPU
		{502B98CF-A528-4168-A5F4-F04641BCEE6D}.Release|Any CPU.Build.0 = Release|Any CPU
		{502B98CF-A528-4168-A5F4-F04641BCEE6D}.Server|Any CPU.ActiveCfg = Debug (local)|Any CPU
		{502B98CF-A528-4168-A5F4-F04641BCEE6D}.Server|Any CPU.Build.0 = Debug (local)|Any CPU
		{5FDEBACF-1812-47A0-8FBA-25DB3AD2B31C}.Debug (local)|Any CPU.ActiveCfg = Debug|Any CPU
		{5FDEBACF-1812-47A0-8FBA-25DB3AD2B31C}.Debug (local)|Any CPU.Build.0 = Debug|Any CPU
		{5FDEBACF-1812-47A0-8FBA-25DB3AD2B31C}.Debug (main)|Any CPU.ActiveCfg = Debug|Any CPU
		{5FDEBACF-1812-47A0-8FBA-25DB3AD2B31C}.Debug (main)|Any CPU.Build.0 = Debug|Any CPU
		{5FDEBACF-1812-47A0-8FBA-25DB3AD2B31C}.Debug|Any CPU.ActiveCfg = Debug|Any CPU
		{5FDEBACF-1812-47A0-8FBA-25DB3AD2B31C}.Debug|Any CPU.Build.0 = Debug|Any CPU
		{5FDEBACF-1812-47A0-8FBA-25DB3AD2B31C}.Release|Any CPU.ActiveCfg = Release|Any CPU
		{5FDEBACF-1812-47A0-8FBA-25DB3AD2B31C}.Release|Any CPU.Build.0 = Release|Any CPU
		{5FDEBACF-1812-47A0-8FBA-25DB3AD2B31C}.Server|Any CPU.ActiveCfg = Release|Any CPU
		{5FDEBACF-1812-47A0-8FBA-25DB3AD2B31C}.Server|Any CPU.Build.0 = Release|Any CPU
	EndGlobalSection
	GlobalSection(SolutionProperties) = preSolution
		HideSolutionNode = FALSE
	EndGlobalSection
	GlobalSection(NestedProjects) = preSolution
		{502B98CF-A528-4168-A5F4-F04641BCEE6D} = {36C3392E-9AB0-4C40-A582-43F1B7535BCF}
	EndGlobalSection
EndGlobal
